
Microsoft Visual Studio Solution File, Format Version 12.00
# Visual Studio Version 16
VisualStudioVersion = 16.0.31025.194
MinimumVisualStudioVersion = 10.0.40219.1
Project("{FAE04EC0-301F-11D3-BF4B-00C04F79EFBC}") = "ServiceHotelRest", "ServiceHotelRest.csproj", "{0266DF02-85F5-4C3C-BCA7-BA93DA5FDEB6}"
EndProject
Global
	GlobalSection(SolutionConfigurationPlatforms) = preSolution
		Debug|Any CPU = Debug|Any CPU
		Release|Any CPU = Release|Any CPU
	EndGlobalSection
	GlobalSection(ProjectConfigurationPlatforms) = postSolution
		{0266DF02-85F5-4C3C-BCA7-BA93DA5FDEB6}.Debug|Any CPU.ActiveCfg = Debug|Any CPU
		{0266DF02-85F5-4C3C-BCA7-BA93DA5FDEB6}.Debug|Any CPU.Build.0 = Debug|Any CPU
		{0266DF02-85F5-4C3C-BCA7-BA93DA5FDEB6}.Release|Any CPU.ActiveCfg = Release|Any CPU
		{0266DF02-85F5-4C3C-BCA7-BA93DA5FDEB6}.Release|Any CPU.Build.0 = Release|Any CPU
	EndGlobalSection
	GlobalSection(SolutionProperties) = preSolution
		HideSolutionNode = FALSE
	EndGlobalSection
	GlobalSection(ExtensibilityGlobals) = postSolution
		SolutionGuid = {04CB6D77-A54E-48CF-A7C3-8A0CF885AD81}
	EndGlobalSection
EndGlobal
